
Microsoft Visual Studio Solution File, Format Version 12.00
# Visual Studio Version 16
VisualStudioVersion = 16.0.30204.135
MinimumVisualStudioVersion = 10.0.40219.1
Project("{FAE04EC0-301F-11D3-BF4B-00C04F79EFBC}") = "course_03", "course_03\course_03.csproj", "{1C52582C-E9C2-4D99-80D5-3E9796F32AC7}"
EndProject
Global
	GlobalSection(SolutionConfigurationPlatforms) = preSolution
		Debug|Any CPU = Debug|Any CPU
		Release|Any CPU = Release|Any CPU
	EndGlobalSection
	GlobalSection(ProjectConfigurationPlatforms) = postSolution
		{1C52582C-E9C2-4D99-80D5-3E9796F32AC7}.Debug|Any CPU.ActiveCfg = Debug|Any CPU
		{1C52582C-E9C2-4D99-80D5-3E9796F32AC7}.Debug|Any CPU.Build.0 = Debug|Any CPU
		{1C52582C-E9C2-4D99-80D5-3E9796F32AC7}.Release|Any CPU.ActiveCfg = Release|Any CPU
		{1C52582C-E9C2-4D99-80D5-3E9796F32AC7}.Release|Any CPU.Build.0 = Release|Any CPU
	EndGlobalSection
	GlobalSection(SolutionProperties) = preSolution
		HideSolutionNode = FALSE
	EndGlobalSection
	GlobalSection(ExtensibilityGlobals) = postSolution
		SolutionGuid = {3E4E8D2B-7AD2-4142-B575-BF0BD1DE2375}
	EndGlobalSection
EndGlobal
